// !$*UTF8*$!
{
	archiveVersion = 1;
	classes = {
	};
	objectVersion = 52;
	objects = {

/* Begin PBXBuildFile section */
		146EAAC852CC6D83A7010A28 /* Pods_Food_Delivery_Food_DeliveryUITests.framework in Frameworks */ = {isa = PBXBuildFile; fileRef = 484AEB3EB52D95BD18693625 /* Pods_Food_Delivery_Food_DeliveryUITests.framework */; };
		40840830173BB126624011A2 /* Pods_Food_DeliveryTests.framework in Frameworks */ = {isa = PBXBuildFile; fileRef = 5273F26CC5C83CC298C1C95E /* Pods_Food_DeliveryTests.framework */; };
		4F3B5E8CA682B6D3177C0550 /* Pods_Food_Delivery.framework in Frameworks */ = {isa = PBXBuildFile; fileRef = BAEE617AB9D2842FB11AAB70 /* Pods_Food_Delivery.framework */; };
		880F71B02522607100E1A764 /* ProductActionView.swift in Sources */ = {isa = PBXBuildFile; fileRef = 880F71AF2522607100E1A764 /* ProductActionView.swift */; };
		880F71B525227F5100E1A764 /* NavigationView.swift in Sources */ = {isa = PBXBuildFile; fileRef = 880F71B425227F5100E1A764 /* NavigationView.swift */; };
		880F71C22522865E00E1A764 /* CheckboxField.swift in Sources */ = {isa = PBXBuildFile; fileRef = 880F71C12522865E00E1A764 /* CheckboxField.swift */; };
		881AC8D6251DD00A00623F7C /* RootView.swift in Sources */ = {isa = PBXBuildFile; fileRef = 881AC8D5251DD00A00623F7C /* RootView.swift */; };
		881AC8DC251DD02E00623F7C /* CompaniesView.swift in Sources */ = {isa = PBXBuildFile; fileRef = 881AC8DB251DD02E00623F7C /* CompaniesView.swift */; };
		881AC8E7251DD11B00623F7C /* CompaniesListView.swift in Sources */ = {isa = PBXBuildFile; fileRef = 881AC8E6251DD11B00623F7C /* CompaniesListView.swift */; };
		881AC8EC251DD12A00623F7C /* Company.swift in Sources */ = {isa = PBXBuildFile; fileRef = 881AC8EB251DD12A00623F7C /* Company.swift */; };
		881AC8F1251DD18C00623F7C /* DatabaseManager.swift in Sources */ = {isa = PBXBuildFile; fileRef = 881AC8F0251DD18C00623F7C /* DatabaseManager.swift */; };
		887A6F7F251DCF4100703A26 /* Food_DeliveryApp.swift in Sources */ = {isa = PBXBuildFile; fileRef = 887A6F7E251DCF4100703A26 /* Food_DeliveryApp.swift */; };
		887A6F83251DCF4400703A26 /* Assets.xcassets in Resources */ = {isa = PBXBuildFile; fileRef = 887A6F82251DCF4400703A26 /* Assets.xcassets */; };
		887A6F86251DCF4400703A26 /* Preview Assets.xcassets in Resources */ = {isa = PBXBuildFile; fileRef = 887A6F85251DCF4400703A26 /* Preview Assets.xcassets */; };
		887A6F91251DCF4500703A26 /* Food_DeliveryTests.swift in Sources */ = {isa = PBXBuildFile; fileRef = 887A6F90251DCF4500703A26 /* Food_DeliveryTests.swift */; };
		887A6F9C251DCF4500703A26 /* Food_DeliveryUITests.swift in Sources */ = {isa = PBXBuildFile; fileRef = 887A6F9B251DCF4500703A26 /* Food_DeliveryUITests.swift */; };
		887C7CB2251E95430061F6D3 /* CompanyView.swift in Sources */ = {isa = PBXBuildFile; fileRef = 887C7CB1251E95430061F6D3 /* CompanyView.swift */; };
		887C7CB8251E98EA0061F6D3 /* SearchFieldView.swift in Sources */ = {isa = PBXBuildFile; fileRef = 887C7CB7251E98EA0061F6D3 /* SearchFieldView.swift */; };
		887C7CC1251E9BE80061F6D3 /* CategoriesCatalogView.swift in Sources */ = {isa = PBXBuildFile; fileRef = 887C7CC0251E9BE80061F6D3 /* CategoriesCatalogView.swift */; };
		887C7CC9251E9BF60061F6D3 /* CategoryRectView.swift in Sources */ = {isa = PBXBuildFile; fileRef = 887C7CC8251E9BF60061F6D3 /* CategoryRectView.swift */; };
		887C7CD0251EA48D0061F6D3 /* DiscountsListView.swift in Sources */ = {isa = PBXBuildFile; fileRef = 887C7CCF251EA48D0061F6D3 /* DiscountsListView.swift */; };
		887C7CD5251EA4980061F6D3 /* DiscountView.swift in Sources */ = {isa = PBXBuildFile; fileRef = 887C7CD4251EA4980061F6D3 /* DiscountView.swift */; };
		887C7CDA251EA4B90061F6D3 /* Discount.swift in Sources */ = {isa = PBXBuildFile; fileRef = 887C7CD9251EA4B90061F6D3 /* Discount.swift */; };
		887C7CDF251EA50F0061F6D3 /* CGFloat.swift in Sources */ = {isa = PBXBuildFile; fileRef = 887C7CDE251EA50F0061F6D3 /* CGFloat.swift */; };
		887C7CE4251EA52F0061F6D3 /* Color.swift in Sources */ = {isa = PBXBuildFile; fileRef = 887C7CE3251EA52F0061F6D3 /* Color.swift */; };
		889E36D0251FD85100B3236C /* CompanyDetails.swift in Sources */ = {isa = PBXBuildFile; fileRef = 889E36CF251FD85100B3236C /* CompanyDetails.swift */; };
		889E36DB25209D0F00B3236C /* RatingView.swift in Sources */ = {isa = PBXBuildFile; fileRef = 889E36DA25209D0F00B3236C /* RatingView.swift */; };
		889E36EE25209FB400B3236C /* CategoryListView.swift in Sources */ = {isa = PBXBuildFile; fileRef = 889E36ED25209FB400B3236C /* CategoryListView.swift */; };
		889E36F32520A0DE00B3236C /* CategoryRoundedView.swift in Sources */ = {isa = PBXBuildFile; fileRef = 889E36F22520A0DE00B3236C /* CategoryRoundedView.swift */; };
		88BD33862521239D00442DB8 /* ProductsListView.swift in Sources */ = {isa = PBXBuildFile; fileRef = 88BD33852521239D00442DB8 /* ProductsListView.swift */; };
		88BD338E252123AC00442DB8 /* Product.swift in Sources */ = {isa = PBXBuildFile; fileRef = 88BD338D252123AC00442DB8 /* Product.swift */; };
		88BD339325212BE300442DB8 /* ProductCellView.swift in Sources */ = {isa = PBXBuildFile; fileRef = 88BD339225212BE300442DB8 /* ProductCellView.swift */; };
		88BD33A12521448100442DB8 /* UIScreen.swift in Sources */ = {isa = PBXBuildFile; fileRef = 88BD33A02521448100442DB8 /* UIScreen.swift */; };
		88BD33AD2521490E00442DB8 /* Modal.swift in Sources */ = {isa = PBXBuildFile; fileRef = 88BD33AC2521490E00442DB8 /* Modal.swift */; };
		88C90C62252645A800A99E90 /* CartItemView.swift in Sources */ = {isa = PBXBuildFile; fileRef = 88C90C61252645A800A99E90 /* CartItemView.swift */; };
		88E6BA8325251EAA00B3487C /* PartialSheet in Frameworks */ = {isa = PBXBuildFile; productRef = 88E6BA8225251EAA00B3487C /* PartialSheet */; };
		88E6BA88252527D700B3487C /* SheetManager.swift in Sources */ = {isa = PBXBuildFile; fileRef = 88E6BA87252527D700B3487C /* SheetManager.swift */; };
		88E6BA90252527E400B3487C /* Styles.swift in Sources */ = {isa = PBXBuildFile; fileRef = 88E6BA8F252527E400B3487C /* Styles.swift */; };
		88E6BA9825252B1E00B3487C /* BadgeView.swift in Sources */ = {isa = PBXBuildFile; fileRef = 88E6BA9725252B1E00B3487C /* BadgeView.swift */; };
		88F212C0252335CF00D44E38 /* Cart.swift in Sources */ = {isa = PBXBuildFile; fileRef = 88F212BF252335CF00D44E38 /* Cart.swift */; };
		88F212C525233CDB00D44E38 /* CartView.swift in Sources */ = {isa = PBXBuildFile; fileRef = 88F212C425233CDB00D44E38 /* CartView.swift */; };
		88F212D12523413900D44E38 /* View.swift in Sources */ = {isa = PBXBuildFile; fileRef = 88F212D02523413900D44E38 /* View.swift */; };
/* End PBXBuildFile section */

/* Begin PBXContainerItemProxy section */
		887A6F8D251DCF4500703A26 /* PBXContainerItemProxy */ = {
			isa = PBXContainerItemProxy;
			containerPortal = 887A6F73251DCF4000703A26 /* Project object */;
			proxyType = 1;
			remoteGlobalIDString = 887A6F7A251DCF4100703A26;
			remoteInfo = "Food Delivery";
		};
		887A6F98251DCF4500703A26 /* PBXContainerItemProxy */ = {
			isa = PBXContainerItemProxy;
			containerPortal = 887A6F73251DCF4000703A26 /* Project object */;
			proxyType = 1;
			remoteGlobalIDString = 887A6F7A251DCF4100703A26;
			remoteInfo = "Food Delivery";
		};
/* End PBXContainerItemProxy section */

/* Begin PBXFileReference section */
		484AEB3EB52D95BD18693625 /* Pods_Food_Delivery_Food_DeliveryUITests.framework */ = {isa = PBXFileReference; explicitFileType = wrapper.framework; includeInIndex = 0; path = Pods_Food_Delivery_Food_DeliveryUITests.framework; sourceTree = BUILT_PRODUCTS_DIR; };
		5273F26CC5C83CC298C1C95E /* Pods_Food_DeliveryTests.framework */ = {isa = PBXFileReference; explicitFileType = wrapper.framework; includeInIndex = 0; path = Pods_Food_DeliveryTests.framework; sourceTree = BUILT_PRODUCTS_DIR; };
		78E5E0570606143F0D9CE050 /* Pods-Food Delivery-Food DeliveryUITests.release.xcconfig */ = {isa = PBXFileReference; includeInIndex = 1; lastKnownFileType = text.xcconfig; name = "Pods-Food Delivery-Food DeliveryUITests.release.xcconfig"; path = "Target Support Files/Pods-Food Delivery-Food DeliveryUITests/Pods-Food Delivery-Food DeliveryUITests.release.xcconfig"; sourceTree = "<group>"; };
		7D4FD139567EFA4C92AEF92B /* Pods-Food Delivery.release.xcconfig */ = {isa = PBXFileReference; includeInIndex = 1; lastKnownFileType = text.xcconfig; name = "Pods-Food Delivery.release.xcconfig"; path = "Target Support Files/Pods-Food Delivery/Pods-Food Delivery.release.xcconfig"; sourceTree = "<group>"; };
		81D61EE749CB72C251F8DC62 /* Pods-Food Delivery.debug.xcconfig */ = {isa = PBXFileReference; includeInIndex = 1; lastKnownFileType = text.xcconfig; name = "Pods-Food Delivery.debug.xcconfig"; path = "Target Support Files/Pods-Food Delivery/Pods-Food Delivery.debug.xcconfig"; sourceTree = "<group>"; };
		880F71AF2522607100E1A764 /* ProductActionView.swift */ = {isa = PBXFileReference; lastKnownFileType = sourcecode.swift; path = ProductActionView.swift; sourceTree = "<group>"; };
		880F71B425227F5100E1A764 /* NavigationView.swift */ = {isa = PBXFileReference; lastKnownFileType = sourcecode.swift; path = NavigationView.swift; sourceTree = "<group>"; };
		880F71C12522865E00E1A764 /* CheckboxField.swift */ = {isa = PBXFileReference; lastKnownFileType = sourcecode.swift; path = CheckboxField.swift; sourceTree = "<group>"; };
		881AC8D5251DD00A00623F7C /* RootView.swift */ = {isa = PBXFileReference; lastKnownFileType = sourcecode.swift; path = RootView.swift; sourceTree = "<group>"; };
		881AC8DB251DD02E00623F7C /* CompaniesView.swift */ = {isa = PBXFileReference; lastKnownFileType = sourcecode.swift; path = CompaniesView.swift; sourceTree = "<group>"; };
		881AC8E6251DD11B00623F7C /* CompaniesListView.swift */ = {isa = PBXFileReference; lastKnownFileType = sourcecode.swift; path = CompaniesListView.swift; sourceTree = "<group>"; };
		881AC8EB251DD12A00623F7C /* Company.swift */ = {isa = PBXFileReference; lastKnownFileType = sourcecode.swift; path = Company.swift; sourceTree = "<group>"; };
		881AC8F0251DD18C00623F7C /* DatabaseManager.swift */ = {isa = PBXFileReference; lastKnownFileType = sourcecode.swift; path = DatabaseManager.swift; sourceTree = "<group>"; };
		887A6F7B251DCF4100703A26 /* Food Delivery.app */ = {isa = PBXFileReference; explicitFileType = wrapper.application; includeInIndex = 0; path = "Food Delivery.app"; sourceTree = BUILT_PRODUCTS_DIR; };
		887A6F7E251DCF4100703A26 /* Food_DeliveryApp.swift */ = {isa = PBXFileReference; lastKnownFileType = sourcecode.swift; path = Food_DeliveryApp.swift; sourceTree = "<group>"; };
		887A6F82251DCF4400703A26 /* Assets.xcassets */ = {isa = PBXFileReference; lastKnownFileType = folder.assetcatalog; path = Assets.xcassets; sourceTree = "<group>"; };
		887A6F85251DCF4400703A26 /* Preview Assets.xcassets */ = {isa = PBXFileReference; lastKnownFileType = folder.assetcatalog; path = "Preview Assets.xcassets"; sourceTree = "<group>"; };
		887A6F87251DCF4500703A26 /* Info.plist */ = {isa = PBXFileReference; lastKnownFileType = text.plist.xml; path = Info.plist; sourceTree = "<group>"; };
		887A6F8C251DCF4500703A26 /* Food DeliveryTests.xctest */ = {isa = PBXFileReference; explicitFileType = wrapper.cfbundle; includeInIndex = 0; path = "Food DeliveryTests.xctest"; sourceTree = BUILT_PRODUCTS_DIR; };
		887A6F90251DCF4500703A26 /* Food_DeliveryTests.swift */ = {isa = PBXFileReference; lastKnownFileType = sourcecode.swift; path = Food_DeliveryTests.swift; sourceTree = "<group>"; };
		887A6F92251DCF4500703A26 /* Info.plist */ = {isa = PBXFileReference; lastKnownFileType = text.plist.xml; path = Info.plist; sourceTree = "<group>"; };
		887A6F97251DCF4500703A26 /* Food DeliveryUITests.xctest */ = {isa = PBXFileReference; explicitFileType = wrapper.cfbundle; includeInIndex = 0; path = "Food DeliveryUITests.xctest"; sourceTree = BUILT_PRODUCTS_DIR; };
		887A6F9B251DCF4500703A26 /* Food_DeliveryUITests.swift */ = {isa = PBXFileReference; lastKnownFileType = sourcecode.swift; path = Food_DeliveryUITests.swift; sourceTree = "<group>"; };
		887A6F9D251DCF4500703A26 /* Info.plist */ = {isa = PBXFileReference; lastKnownFileType = text.plist.xml; path = Info.plist; sourceTree = "<group>"; };
		887C7CB1251E95430061F6D3 /* CompanyView.swift */ = {isa = PBXFileReference; lastKnownFileType = sourcecode.swift; path = CompanyView.swift; sourceTree = "<group>"; };
		887C7CB7251E98EA0061F6D3 /* SearchFieldView.swift */ = {isa = PBXFileReference; lastKnownFileType = sourcecode.swift; path = SearchFieldView.swift; sourceTree = "<group>"; };
		887C7CC0251E9BE80061F6D3 /* CategoriesCatalogView.swift */ = {isa = PBXFileReference; lastKnownFileType = sourcecode.swift; path = CategoriesCatalogView.swift; sourceTree = "<group>"; };
		887C7CC8251E9BF60061F6D3 /* CategoryRectView.swift */ = {isa = PBXFileReference; lastKnownFileType = sourcecode.swift; path = CategoryRectView.swift; sourceTree = "<group>"; };
		887C7CCF251EA48D0061F6D3 /* DiscountsListView.swift */ = {isa = PBXFileReference; lastKnownFileType = sourcecode.swift; path = DiscountsListView.swift; sourceTree = "<group>"; };
		887C7CD4251EA4980061F6D3 /* DiscountView.swift */ = {isa = PBXFileReference; lastKnownFileType = sourcecode.swift; path = DiscountView.swift; sourceTree = "<group>"; };
		887C7CD9251EA4B90061F6D3 /* Discount.swift */ = {isa = PBXFileReference; lastKnownFileType = sourcecode.swift; path = Discount.swift; sourceTree = "<group>"; };
		887C7CDE251EA50F0061F6D3 /* CGFloat.swift */ = {isa = PBXFileReference; lastKnownFileType = sourcecode.swift; path = CGFloat.swift; sourceTree = "<group>"; };
		887C7CE3251EA52F0061F6D3 /* Color.swift */ = {isa = PBXFileReference; lastKnownFileType = sourcecode.swift; path = Color.swift; sourceTree = "<group>"; };
		889E36CF251FD85100B3236C /* CompanyDetails.swift */ = {isa = PBXFileReference; lastKnownFileType = sourcecode.swift; path = CompanyDetails.swift; sourceTree = "<group>"; };
		889E36DA25209D0F00B3236C /* RatingView.swift */ = {isa = PBXFileReference; lastKnownFileType = sourcecode.swift; path = RatingView.swift; sourceTree = "<group>"; };
		889E36ED25209FB400B3236C /* CategoryListView.swift */ = {isa = PBXFileReference; lastKnownFileType = sourcecode.swift; path = CategoryListView.swift; sourceTree = "<group>"; };
		889E36F22520A0DE00B3236C /* CategoryRoundedView.swift */ = {isa = PBXFileReference; lastKnownFileType = sourcecode.swift; path = CategoryRoundedView.swift; sourceTree = "<group>"; };
		88BD33852521239D00442DB8 /* ProductsListView.swift */ = {isa = PBXFileReference; lastKnownFileType = sourcecode.swift; path = ProductsListView.swift; sourceTree = "<group>"; };
		88BD338D252123AC00442DB8 /* Product.swift */ = {isa = PBXFileReference; lastKnownFileType = sourcecode.swift; path = Product.swift; sourceTree = "<group>"; };
		88BD339225212BE300442DB8 /* ProductCellView.swift */ = {isa = PBXFileReference; lastKnownFileType = sourcecode.swift; path = ProductCellView.swift; sourceTree = "<group>"; };
		88BD33A02521448100442DB8 /* UIScreen.swift */ = {isa = PBXFileReference; lastKnownFileType = sourcecode.swift; path = UIScreen.swift; sourceTree = "<group>"; };
		88BD33AC2521490E00442DB8 /* Modal.swift */ = {isa = PBXFileReference; lastKnownFileType = sourcecode.swift; path = Modal.swift; sourceTree = "<group>"; };
		88C90C61252645A800A99E90 /* CartItemView.swift */ = {isa = PBXFileReference; lastKnownFileType = sourcecode.swift; path = CartItemView.swift; sourceTree = "<group>"; };
		88E6BA87252527D700B3487C /* SheetManager.swift */ = {isa = PBXFileReference; lastKnownFileType = sourcecode.swift; path = SheetManager.swift; sourceTree = "<group>"; };
		88E6BA8F252527E400B3487C /* Styles.swift */ = {isa = PBXFileReference; lastKnownFileType = sourcecode.swift; path = Styles.swift; sourceTree = "<group>"; };
		88E6BA9725252B1E00B3487C /* BadgeView.swift */ = {isa = PBXFileReference; lastKnownFileType = sourcecode.swift; path = BadgeView.swift; sourceTree = "<group>"; };
		88F212BF252335CF00D44E38 /* Cart.swift */ = {isa = PBXFileReference; lastKnownFileType = sourcecode.swift; path = Cart.swift; sourceTree = "<group>"; };
		88F212C425233CDB00D44E38 /* CartView.swift */ = {isa = PBXFileReference; lastKnownFileType = sourcecode.swift; path = CartView.swift; sourceTree = "<group>"; };
		88F212D02523413900D44E38 /* View.swift */ = {isa = PBXFileReference; lastKnownFileType = sourcecode.swift; path = View.swift; sourceTree = "<group>"; };
		BAEE617AB9D2842FB11AAB70 /* Pods_Food_Delivery.framework */ = {isa = PBXFileReference; explicitFileType = wrapper.framework; includeInIndex = 0; path = Pods_Food_Delivery.framework; sourceTree = BUILT_PRODUCTS_DIR; };
		BF2AEF0B5C00C395D6C2CEE6 /* Pods-Food Delivery-Food DeliveryUITests.debug.xcconfig */ = {isa = PBXFileReference; includeInIndex = 1; lastKnownFileType = text.xcconfig; name = "Pods-Food Delivery-Food DeliveryUITests.debug.xcconfig"; path = "Target Support Files/Pods-Food Delivery-Food DeliveryUITests/Pods-Food Delivery-Food DeliveryUITests.debug.xcconfig"; sourceTree = "<group>"; };
		C5D5AEAD3E79617818AC7DEE /* Pods-Food DeliveryTests.release.xcconfig */ = {isa = PBXFileReference; includeInIndex = 1; lastKnownFileType = text.xcconfig; name = "Pods-Food DeliveryTests.release.xcconfig"; path = "Target Support Files/Pods-Food DeliveryTests/Pods-Food DeliveryTests.release.xcconfig"; sourceTree = "<group>"; };
		CE215CADD93FBB13852D3177 /* Pods-Food DeliveryTests.debug.xcconfig */ = {isa = PBXFileReference; includeInIndex = 1; lastKnownFileType = text.xcconfig; name = "Pods-Food DeliveryTests.debug.xcconfig"; path = "Target Support Files/Pods-Food DeliveryTests/Pods-Food DeliveryTests.debug.xcconfig"; sourceTree = "<group>"; };
/* End PBXFileReference section */

/* Begin PBXFrameworksBuildPhase section */
		887A6F78251DCF4100703A26 /* Frameworks */ = {
			isa = PBXFrameworksBuildPhase;
			buildActionMask = 2147483647;
			files = (
				88E6BA8325251EAA00B3487C /* PartialSheet in Frameworks */,
				4F3B5E8CA682B6D3177C0550 /* Pods_Food_Delivery.framework in Frameworks */,
			);
			runOnlyForDeploymentPostprocessing = 0;
		};
		887A6F89251DCF4500703A26 /* Frameworks */ = {
			isa = PBXFrameworksBuildPhase;
			buildActionMask = 2147483647;
			files = (
				40840830173BB126624011A2 /* Pods_Food_DeliveryTests.framework in Frameworks */,
			);
			runOnlyForDeploymentPostprocessing = 0;
		};
		887A6F94251DCF4500703A26 /* Frameworks */ = {
			isa = PBXFrameworksBuildPhase;
			buildActionMask = 2147483647;
			files = (
				146EAAC852CC6D83A7010A28 /* Pods_Food_Delivery_Food_DeliveryUITests.framework in Frameworks */,
			);
			runOnlyForDeploymentPostprocessing = 0;
		};
/* End PBXFrameworksBuildPhase section */

/* Begin PBXGroup section */
		5F2F3F646B5FADA713F6E392 /* Frameworks */ = {
			isa = PBXGroup;
			children = (
				BAEE617AB9D2842FB11AAB70 /* Pods_Food_Delivery.framework */,
				484AEB3EB52D95BD18693625 /* Pods_Food_Delivery_Food_DeliveryUITests.framework */,
				5273F26CC5C83CC298C1C95E /* Pods_Food_DeliveryTests.framework */,
			);
			name = Frameworks;
			sourceTree = "<group>";
		};
		881AC8CF251DCFE400623F7C /* Views */ = {
			isa = PBXGroup;
			children = (
				887C7CB6251E98D90061F6D3 /* Utilities */,
				886866AC2523C6A2002ED034 /* SheetManager */,
				88F212C925233D1F00D44E38 /* Cart */,
				88BD33AB2521490000442DB8 /* Modal */,
				887C7CCD251EA46D0061F6D3 /* Discounts */,
				887C7CBF251E9BD50061F6D3 /* Categories */,
				88BD33832521238600442DB8 /* Products */,
				881AC8DA251DD01F00623F7C /* Companies */,
				881AC8D5251DD00A00623F7C /* RootView.swift */,
			);
			path = Views;
			sourceTree = "<group>";
		};
		881AC8D0251DCFE900623F7C /* Models */ = {
			isa = PBXGroup;
			children = (
				881AC8EB251DD12A00623F7C /* Company.swift */,
				887C7CD9251EA4B90061F6D3 /* Discount.swift */,
				88BD338D252123AC00442DB8 /* Product.swift */,
				88F212BF252335CF00D44E38 /* Cart.swift */,
			);
			path = Models;
			sourceTree = "<group>";
		};
		881AC8D1251DCFF300623F7C /* Resources */ = {
			isa = PBXGroup;
			children = (
				881AC8F0251DD18C00623F7C /* DatabaseManager.swift */,
			);
			path = Resources;
			sourceTree = "<group>";
		};
		881AC8DA251DD01F00623F7C /* Companies */ = {
			isa = PBXGroup;
			children = (
				881AC8DB251DD02E00623F7C /* CompaniesView.swift */,
				881AC8E6251DD11B00623F7C /* CompaniesListView.swift */,
				887C7CB1251E95430061F6D3 /* CompanyView.swift */,
				889E36CF251FD85100B3236C /* CompanyDetails.swift */,
			);
			path = Companies;
			sourceTree = "<group>";
		};
		881AC95C251DD8BB00623F7C /* Extensions */ = {
			isa = PBXGroup;
			children = (
				887C7CDE251EA50F0061F6D3 /* CGFloat.swift */,
				887C7CE3251EA52F0061F6D3 /* Color.swift */,
				88BD33A02521448100442DB8 /* UIScreen.swift */,
				880F71B425227F5100E1A764 /* NavigationView.swift */,
				88F212D02523413900D44E38 /* View.swift */,
			);
			path = Extensions;
			sourceTree = "<group>";
		};
		886866AC2523C6A2002ED034 /* SheetManager */ = {
			isa = PBXGroup;
			children = (
				88E6BA87252527D700B3487C /* SheetManager.swift */,
				88E6BA8F252527E400B3487C /* Styles.swift */,
			);
			path = SheetManager;
			sourceTree = "<group>";
		};
		887A6F72251DCF4000703A26 = {
			isa = PBXGroup;
			children = (
				887A6F7D251DCF4100703A26 /* Food Delivery */,
				887A6F8F251DCF4500703A26 /* Food DeliveryTests */,
				887A6F9A251DCF4500703A26 /* Food DeliveryUITests */,
				887A6F7C251DCF4100703A26 /* Products */,
				94A9821D1D180C3356A661B6 /* Pods */,
				5F2F3F646B5FADA713F6E392 /* Frameworks */,
			);
			sourceTree = "<group>";
		};
		887A6F7C251DCF4100703A26 /* Products */ = {
			isa = PBXGroup;
			children = (
				887A6F7B251DCF4100703A26 /* Food Delivery.app */,
				887A6F8C251DCF4500703A26 /* Food DeliveryTests.xctest */,
				887A6F97251DCF4500703A26 /* Food DeliveryUITests.xctest */,
			);
			name = Products;
			sourceTree = "<group>";
		};
		887A6F7D251DCF4100703A26 /* Food Delivery */ = {
			isa = PBXGroup;
			children = (
				881AC95C251DD8BB00623F7C /* Extensions */,
				881AC8D1251DCFF300623F7C /* Resources */,
				881AC8D0251DCFE900623F7C /* Models */,
				881AC8CF251DCFE400623F7C /* Views */,
				887A6F7E251DCF4100703A26 /* Food_DeliveryApp.swift */,
				887A6F82251DCF4400703A26 /* Assets.xcassets */,
				887A6F87251DCF4500703A26 /* Info.plist */,
				887A6F84251DCF4400703A26 /* Preview Content */,
			);
			path = "Food Delivery";
			sourceTree = "<group>";
		};
		887A6F84251DCF4400703A26 /* Preview Content */ = {
			isa = PBXGroup;
			children = (
				887A6F85251DCF4400703A26 /* Preview Assets.xcassets */,
			);
			path = "Preview Content";
			sourceTree = "<group>";
		};
		887A6F8F251DCF4500703A26 /* Food DeliveryTests */ = {
			isa = PBXGroup;
			children = (
				887A6F90251DCF4500703A26 /* Food_DeliveryTests.swift */,
				887A6F92251DCF4500703A26 /* Info.plist */,
			);
			path = "Food DeliveryTests";
			sourceTree = "<group>";
		};
		887A6F9A251DCF4500703A26 /* Food DeliveryUITests */ = {
			isa = PBXGroup;
			children = (
				887A6F9B251DCF4500703A26 /* Food_DeliveryUITests.swift */,
				887A6F9D251DCF4500703A26 /* Info.plist */,
			);
			path = "Food DeliveryUITests";
			sourceTree = "<group>";
		};
		887C7CB6251E98D90061F6D3 /* Utilities */ = {
			isa = PBXGroup;
			children = (
				887C7CB7251E98EA0061F6D3 /* SearchFieldView.swift */,
				889E36DA25209D0F00B3236C /* RatingView.swift */,
				880F71C12522865E00E1A764 /* CheckboxField.swift */,
				88E6BA9725252B1E00B3487C /* BadgeView.swift */,
			);
			path = Utilities;
			sourceTree = "<group>";
		};
		887C7CBF251E9BD50061F6D3 /* Categories */ = {
			isa = PBXGroup;
			children = (
				887C7CC0251E9BE80061F6D3 /* CategoriesCatalogView.swift */,
				887C7CC8251E9BF60061F6D3 /* CategoryRectView.swift */,
				889E36ED25209FB400B3236C /* CategoryListView.swift */,
				889E36F22520A0DE00B3236C /* CategoryRoundedView.swift */,
			);
			path = Categories;
			sourceTree = "<group>";
		};
		887C7CCD251EA46D0061F6D3 /* Discounts */ = {
			isa = PBXGroup;
			children = (
				887C7CCF251EA48D0061F6D3 /* DiscountsListView.swift */,
				887C7CD4251EA4980061F6D3 /* DiscountView.swift */,
			);
			path = Discounts;
			sourceTree = "<group>";
		};
		88BD33832521238600442DB8 /* Products */ = {
			isa = PBXGroup;
			children = (
				88BD33852521239D00442DB8 /* ProductsListView.swift */,
				88BD339225212BE300442DB8 /* ProductCellView.swift */,
				880F71AF2522607100E1A764 /* ProductActionView.swift */,
			);
			path = Products;
			sourceTree = "<group>";
		};
		88BD33AB2521490000442DB8 /* Modal */ = {
			isa = PBXGroup;
			children = (
				88BD33AC2521490E00442DB8 /* Modal.swift */,
			);
			path = Modal;
			sourceTree = "<group>";
		};
		88F212C925233D1F00D44E38 /* Cart */ = {
			isa = PBXGroup;
			children = (
				88F212C425233CDB00D44E38 /* CartView.swift */,
				88C90C61252645A800A99E90 /* CartItemView.swift */,
			);
			path = Cart;
			sourceTree = "<group>";
		};
		94A9821D1D180C3356A661B6 /* Pods */ = {
			isa = PBXGroup;
			children = (
				81D61EE749CB72C251F8DC62 /* Pods-Food Delivery.debug.xcconfig */,
				7D4FD139567EFA4C92AEF92B /* Pods-Food Delivery.release.xcconfig */,
				BF2AEF0B5C00C395D6C2CEE6 /* Pods-Food Delivery-Food DeliveryUITests.debug.xcconfig */,
				78E5E0570606143F0D9CE050 /* Pods-Food Delivery-Food DeliveryUITests.release.xcconfig */,
				CE215CADD93FBB13852D3177 /* Pods-Food DeliveryTests.debug.xcconfig */,
				C5D5AEAD3E79617818AC7DEE /* Pods-Food DeliveryTests.release.xcconfig */,
			);
			path = Pods;
			sourceTree = "<group>";
		};
/* End PBXGroup section */

/* Begin PBXNativeTarget section */
		887A6F7A251DCF4100703A26 /* Food Delivery */ = {
			isa = PBXNativeTarget;
			buildConfigurationList = 887A6FA0251DCF4500703A26 /* Build configuration list for PBXNativeTarget "Food Delivery" */;
			buildPhases = (
				BA713D4FF5BFEF6108583148 /* [CP] Check Pods Manifest.lock */,
				887A6F77251DCF4100703A26 /* Sources */,
				887A6F78251DCF4100703A26 /* Frameworks */,
				887A6F79251DCF4100703A26 /* Resources */,
			);
			buildRules = (
			);
			dependencies = (
			);
			name = "Food Delivery";
			packageProductDependencies = (
				88E6BA8225251EAA00B3487C /* PartialSheet */,
			);
			productName = "Food Delivery";
			productReference = 887A6F7B251DCF4100703A26 /* Food Delivery.app */;
			productType = "com.apple.product-type.application";
		};
		887A6F8B251DCF4500703A26 /* Food DeliveryTests */ = {
			isa = PBXNativeTarget;
			buildConfigurationList = 887A6FA3251DCF4500703A26 /* Build configuration list for PBXNativeTarget "Food DeliveryTests" */;
			buildPhases = (
				8B93B705441C9823C59857D8 /* [CP] Check Pods Manifest.lock */,
				887A6F88251DCF4500703A26 /* Sources */,
				887A6F89251DCF4500703A26 /* Frameworks */,
				887A6F8A251DCF4500703A26 /* Resources */,
			);
			buildRules = (
			);
			dependencies = (
				887A6F8E251DCF4500703A26 /* PBXTargetDependency */,
			);
			name = "Food DeliveryTests";
			productName = "Food DeliveryTests";
			productReference = 887A6F8C251DCF4500703A26 /* Food DeliveryTests.xctest */;
			productType = "com.apple.product-type.bundle.unit-test";
		};
		887A6F96251DCF4500703A26 /* Food DeliveryUITests */ = {
			isa = PBXNativeTarget;
			buildConfigurationList = 887A6FA6251DCF4500703A26 /* Build configuration list for PBXNativeTarget "Food DeliveryUITests" */;
			buildPhases = (
				C10FD322F76E1E35051FD76F /* [CP] Check Pods Manifest.lock */,
				887A6F93251DCF4500703A26 /* Sources */,
				887A6F94251DCF4500703A26 /* Frameworks */,
				887A6F95251DCF4500703A26 /* Resources */,
			);
			buildRules = (
			);
			dependencies = (
				887A6F99251DCF4500703A26 /* PBXTargetDependency */,
			);
			name = "Food DeliveryUITests";
			productName = "Food DeliveryUITests";
			productReference = 887A6F97251DCF4500703A26 /* Food DeliveryUITests.xctest */;
			productType = "com.apple.product-type.bundle.ui-testing";
		};
/* End PBXNativeTarget section */

/* Begin PBXProject section */
		887A6F73251DCF4000703A26 /* Project object */ = {
			isa = PBXProject;
			attributes = {
				LastSwiftUpdateCheck = 1200;
				LastUpgradeCheck = 1200;
				TargetAttributes = {
					887A6F7A251DCF4100703A26 = {
						CreatedOnToolsVersion = 12.0;
					};
					887A6F8B251DCF4500703A26 = {
						CreatedOnToolsVersion = 12.0;
						TestTargetID = 887A6F7A251DCF4100703A26;
					};
					887A6F96251DCF4500703A26 = {
						CreatedOnToolsVersion = 12.0;
						TestTargetID = 887A6F7A251DCF4100703A26;
					};
				};
			};
			buildConfigurationList = 887A6F76251DCF4000703A26 /* Build configuration list for PBXProject "Food Delivery" */;
			compatibilityVersion = "Xcode 9.3";
			developmentRegion = en;
			hasScannedForEncodings = 0;
			knownRegions = (
				en,
				Base,
			);
			mainGroup = 887A6F72251DCF4000703A26;
			packageReferences = (
				88E6BA8125251EAA00B3487C /* XCRemoteSwiftPackageReference "PartialSheet" */,
			);
			productRefGroup = 887A6F7C251DCF4100703A26 /* Products */;
			projectDirPath = "";
			projectRoot = "";
			targets = (
				887A6F7A251DCF4100703A26 /* Food Delivery */,
				887A6F8B251DCF4500703A26 /* Food DeliveryTests */,
				887A6F96251DCF4500703A26 /* Food DeliveryUITests */,
			);
		};
/* End PBXProject section */

/* Begin PBXResourcesBuildPhase section */
		887A6F79251DCF4100703A26 /* Resources */ = {
			isa = PBXResourcesBuildPhase;
			buildActionMask = 2147483647;
			files = (
				887A6F86251DCF4400703A26 /* Preview Assets.xcassets in Resources */,
				887A6F83251DCF4400703A26 /* Assets.xcassets in Resources */,
			);
			runOnlyForDeploymentPostprocessing = 0;
		};
		887A6F8A251DCF4500703A26 /* Resources */ = {
			isa = PBXResourcesBuildPhase;
			buildActionMask = 2147483647;
			files = (
			);
			runOnlyForDeploymentPostprocessing = 0;
		};
		887A6F95251DCF4500703A26 /* Resources */ = {
			isa = PBXResourcesBuildPhase;
			buildActionMask = 2147483647;
			files = (
			);
			runOnlyForDeploymentPostprocessing = 0;
		};
/* End PBXResourcesBuildPhase section */

/* Begin PBXShellScriptBuildPhase section */
		8B93B705441C9823C59857D8 /* [CP] Check Pods Manifest.lock */ = {
			isa = PBXShellScriptBuildPhase;
			buildActionMask = 2147483647;
			files = (
			);
			inputFileListPaths = (
			);
			inputPaths = (
				"${PODS_PODFILE_DIR_PATH}/Podfile.lock",
				"${PODS_ROOT}/Manifest.lock",
			);
			name = "[CP] Check Pods Manifest.lock";
			outputFileListPaths = (
			);
			outputPaths = (
				"$(DERIVED_FILE_DIR)/Pods-Food DeliveryTests-checkManifestLockResult.txt",
			);
			runOnlyForDeploymentPostprocessing = 0;
			shellPath = /bin/sh;
			shellScript = "diff \"${PODS_PODFILE_DIR_PATH}/Podfile.lock\" \"${PODS_ROOT}/Manifest.lock\" > /dev/null\nif [ $? != 0 ] ; then\n    # print error to STDERR\n    echo \"error: The sandbox is not in sync with the Podfile.lock. Run 'pod install' or update your CocoaPods installation.\" >&2\n    exit 1\nfi\n# This output is used by Xcode 'outputs' to avoid re-running this script phase.\necho \"SUCCESS\" > \"${SCRIPT_OUTPUT_FILE_0}\"\n";
			showEnvVarsInLog = 0;
		};
		BA713D4FF5BFEF6108583148 /* [CP] Check Pods Manifest.lock */ = {
			isa = PBXShellScriptBuildPhase;
			buildActionMask = 2147483647;
			files = (
			);
			inputFileListPaths = (
			);
			inputPaths = (
				"${PODS_PODFILE_DIR_PATH}/Podfile.lock",
				"${PODS_ROOT}/Manifest.lock",
			);
			name = "[CP] Check Pods Manifest.lock";
			outputFileListPaths = (
			);
			outputPaths = (
				"$(DERIVED_FILE_DIR)/Pods-Food Delivery-checkManifestLockResult.txt",
			);
			runOnlyForDeploymentPostprocessing = 0;
			shellPath = /bin/sh;
			shellScript = "diff \"${PODS_PODFILE_DIR_PATH}/Podfile.lock\" \"${PODS_ROOT}/Manifest.lock\" > /dev/null\nif [ $? != 0 ] ; then\n    # print error to STDERR\n    echo \"error: The sandbox is not in sync with the Podfile.lock. Run 'pod install' or update your CocoaPods installation.\" >&2\n    exit 1\nfi\n# This output is used by Xcode 'outputs' to avoid re-running this script phase.\necho \"SUCCESS\" > \"${SCRIPT_OUTPUT_FILE_0}\"\n";
			showEnvVarsInLog = 0;
		};
		C10FD322F76E1E35051FD76F /* [CP] Check Pods Manifest.lock */ = {
			isa = PBXShellScriptBuildPhase;
			buildActionMask = 2147483647;
			files = (
			);
			inputFileListPaths = (
			);
			inputPaths = (
				"${PODS_PODFILE_DIR_PATH}/Podfile.lock",
				"${PODS_ROOT}/Manifest.lock",
			);
			name = "[CP] Check Pods Manifest.lock";
			outputFileListPaths = (
			);
			outputPaths = (
				"$(DERIVED_FILE_DIR)/Pods-Food Delivery-Food DeliveryUITests-checkManifestLockResult.txt",
			);
			runOnlyForDeploymentPostprocessing = 0;
			shellPath = /bin/sh;
			shellScript = "diff \"${PODS_PODFILE_DIR_PATH}/Podfile.lock\" \"${PODS_ROOT}/Manifest.lock\" > /dev/null\nif [ $? != 0 ] ; then\n    # print error to STDERR\n    echo \"error: The sandbox is not in sync with the Podfile.lock. Run 'pod install' or update your CocoaPods installation.\" >&2\n    exit 1\nfi\n# This output is used by Xcode 'outputs' to avoid re-running this script phase.\necho \"SUCCESS\" > \"${SCRIPT_OUTPUT_FILE_0}\"\n";
			showEnvVarsInLog = 0;
		};
/* End PBXShellScriptBuildPhase section */

/* Begin PBXSourcesBuildPhase section */
		887A6F77251DCF4100703A26 /* Sources */ = {
			isa = PBXSourcesBuildPhase;
			buildActionMask = 2147483647;
			files = (
				88E6BA9825252B1E00B3487C /* BadgeView.swift in Sources */,
				88F212C525233CDB00D44E38 /* CartView.swift in Sources */,
				88BD33862521239D00442DB8 /* ProductsListView.swift in Sources */,
				88E6BA88252527D700B3487C /* SheetManager.swift in Sources */,
				88F212D12523413900D44E38 /* View.swift in Sources */,
				887C7CD0251EA48D0061F6D3 /* DiscountsListView.swift in Sources */,
				881AC8E7251DD11B00623F7C /* CompaniesListView.swift in Sources */,
				88F212C0252335CF00D44E38 /* Cart.swift in Sources */,
				889E36DB25209D0F00B3236C /* RatingView.swift in Sources */,
				88BD339325212BE300442DB8 /* ProductCellView.swift in Sources */,
				887C7CDF251EA50F0061F6D3 /* CGFloat.swift in Sources */,
				88BD33A12521448100442DB8 /* UIScreen.swift in Sources */,
				88C90C62252645A800A99E90 /* CartItemView.swift in Sources */,
				88E6BA90252527E400B3487C /* Styles.swift in Sources */,
				881AC8D6251DD00A00623F7C /* RootView.swift in Sources */,
				887C7CB2251E95430061F6D3 /* CompanyView.swift in Sources */,
				880F71C22522865E00E1A764 /* CheckboxField.swift in Sources */,
				881AC8F1251DD18C00623F7C /* DatabaseManager.swift in Sources */,
				88BD33AD2521490E00442DB8 /* Modal.swift in Sources */,
				887C7CD5251EA4980061F6D3 /* DiscountView.swift in Sources */,
				887C7CDA251EA4B90061F6D3 /* Discount.swift in Sources */,
				887C7CE4251EA52F0061F6D3 /* Color.swift in Sources */,
				887C7CC9251E9BF60061F6D3 /* CategoryRectView.swift in Sources */,
				887A6F7F251DCF4100703A26 /* Food_DeliveryApp.swift in Sources */,
				880F71B02522607100E1A764 /* ProductActionView.swift in Sources */,
				889E36EE25209FB400B3236C /* CategoryListView.swift in Sources */,
				887C7CB8251E98EA0061F6D3 /* SearchFieldView.swift in Sources */,
				889E36D0251FD85100B3236C /* CompanyDetails.swift in Sources */,
				887C7CC1251E9BE80061F6D3 /* CategoriesCatalogView.swift in Sources */,
				881AC8EC251DD12A00623F7C /* Company.swift in Sources */,
				880F71B525227F5100E1A764 /* NavigationView.swift in Sources */,
				889E36F32520A0DE00B3236C /* CategoryRoundedView.swift in Sources */,
				881AC8DC251DD02E00623F7C /* CompaniesView.swift in Sources */,
				88BD338E252123AC00442DB8 /* Product.swift in Sources */,
			);
			runOnlyForDeploymentPostprocessing = 0;
		};
		887A6F88251DCF4500703A26 /* Sources */ = {
			isa = PBXSourcesBuildPhase;
			buildActionMask = 2147483647;
			files = (
				887A6F91251DCF4500703A26 /* Food_DeliveryTests.swift in Sources */,
			);
			runOnlyForDeploymentPostprocessing = 0;
		};
		887A6F93251DCF4500703A26 /* Sources */ = {
			isa = PBXSourcesBuildPhase;
			buildActionMask = 2147483647;
			files = (
				887A6F9C251DCF4500703A26 /* Food_DeliveryUITests.swift in Sources */,
			);
			runOnlyForDeploymentPostprocessing = 0;
		};
/* End PBXSourcesBuildPhase section */

/* Begin PBXTargetDependency section */
		887A6F8E251DCF4500703A26 /* PBXTargetDependency */ = {
			isa = PBXTargetDependency;
			target = 887A6F7A251DCF4100703A26 /* Food Delivery */;
			targetProxy = 887A6F8D251DCF4500703A26 /* PBXContainerItemProxy */;
		};
		887A6F99251DCF4500703A26 /* PBXTargetDependency */ = {
			isa = PBXTargetDependency;
			target = 887A6F7A251DCF4100703A26 /* Food Delivery */;
			targetProxy = 887A6F98251DCF4500703A26 /* PBXContainerItemProxy */;
		};
/* End PBXTargetDependency section */

/* Begin XCBuildConfiguration section */
		887A6F9E251DCF4500703A26 /* Debug */ = {
			isa = XCBuildConfiguration;
			buildSettings = {
				ALWAYS_SEARCH_USER_PATHS = NO;
				CLANG_ANALYZER_NONNULL = YES;
				CLANG_ANALYZER_NUMBER_OBJECT_CONVERSION = YES_AGGRESSIVE;
				CLANG_CXX_LANGUAGE_STANDARD = "gnu++14";
				CLANG_CXX_LIBRARY = "libc++";
				CLANG_ENABLE_MODULES = YES;
				CLANG_ENABLE_OBJC_ARC = YES;
				CLANG_ENABLE_OBJC_WEAK = YES;
				CLANG_WARN_BLOCK_CAPTURE_AUTORELEASING = YES;
				CLANG_WARN_BOOL_CONVERSION = YES;
				CLANG_WARN_COMMA = YES;
				CLANG_WARN_CONSTANT_CONVERSION = YES;
				CLANG_WARN_DEPRECATED_OBJC_IMPLEMENTATIONS = YES;
				CLANG_WARN_DIRECT_OBJC_ISA_USAGE = YES_ERROR;
				CLANG_WARN_DOCUMENTATION_COMMENTS = YES;
				CLANG_WARN_EMPTY_BODY = YES;
				CLANG_WARN_ENUM_CONVERSION = YES;
				CLANG_WARN_INFINITE_RECURSION = YES;
				CLANG_WARN_INT_CONVERSION = YES;
				CLANG_WARN_NON_LITERAL_NULL_CONVERSION = YES;
				CLANG_WARN_OBJC_IMPLICIT_RETAIN_SELF = YES;
				CLANG_WARN_OBJC_LITERAL_CONVERSION = YES;
				CLANG_WARN_OBJC_ROOT_CLASS = YES_ERROR;
				CLANG_WARN_QUOTED_INCLUDE_IN_FRAMEWORK_HEADER = YES;
				CLANG_WARN_RANGE_LOOP_ANALYSIS = YES;
				CLANG_WARN_STRICT_PROTOTYPES = YES;
				CLANG_WARN_SUSPICIOUS_MOVE = YES;
				CLANG_WARN_UNGUARDED_AVAILABILITY = YES_AGGRESSIVE;
				CLANG_WARN_UNREACHABLE_CODE = YES;
				CLANG_WARN__DUPLICATE_METHOD_MATCH = YES;
				COPY_PHASE_STRIP = NO;
				DEBUG_INFORMATION_FORMAT = dwarf;
				ENABLE_STRICT_OBJC_MSGSEND = YES;
				ENABLE_TESTABILITY = YES;
				GCC_C_LANGUAGE_STANDARD = gnu11;
				GCC_DYNAMIC_NO_PIC = NO;
				GCC_NO_COMMON_BLOCKS = YES;
				GCC_OPTIMIZATION_LEVEL = 0;
				GCC_PREPROCESSOR_DEFINITIONS = (
					"DEBUG=1",
					"$(inherited)",
				);
				GCC_WARN_64_TO_32_BIT_CONVERSION = YES;
				GCC_WARN_ABOUT_RETURN_TYPE = YES_ERROR;
				GCC_WARN_UNDECLARED_SELECTOR = YES;
				GCC_WARN_UNINITIALIZED_AUTOS = YES_AGGRESSIVE;
				GCC_WARN_UNUSED_FUNCTION = YES;
				GCC_WARN_UNUSED_VARIABLE = YES;
				IPHONEOS_DEPLOYMENT_TARGET = 14.0;
				MTL_ENABLE_DEBUG_INFO = INCLUDE_SOURCE;
				MTL_FAST_MATH = YES;
				ONLY_ACTIVE_ARCH = YES;
				SDKROOT = iphoneos;
				SWIFT_ACTIVE_COMPILATION_CONDITIONS = DEBUG;
				SWIFT_OPTIMIZATION_LEVEL = "-Onone";
			};
			name = Debug;
		};
		887A6F9F251DCF4500703A26 /* Release */ = {
			isa = XCBuildConfiguration;
			buildSettings = {
				ALWAYS_SEARCH_USER_PATHS = NO;
				CLANG_ANALYZER_NONNULL = YES;
				CLANG_ANALYZER_NUMBER_OBJECT_CONVERSION = YES_AGGRESSIVE;
				CLANG_CXX_LANGUAGE_STANDARD = "gnu++14";
				CLANG_CXX_LIBRARY = "libc++";
				CLANG_ENABLE_MODULES = YES;
				CLANG_ENABLE_OBJC_ARC = YES;
				CLANG_ENABLE_OBJC_WEAK = YES;
				CLANG_WARN_BLOCK_CAPTURE_AUTORELEASING = YES;
				CLANG_WARN_BOOL_CONVERSION = YES;
				CLANG_WARN_COMMA = YES;
				CLANG_WARN_CONSTANT_CONVERSION = YES;
				CLANG_WARN_DEPRECATED_OBJC_IMPLEMENTATIONS = YES;
				CLANG_WARN_DIRECT_OBJC_ISA_USAGE = YES_ERROR;
				CLANG_WARN_DOCUMENTATION_COMMENTS = YES;
				CLANG_WARN_EMPTY_BODY = YES;
				CLANG_WARN_ENUM_CONVERSION = YES;
				CLANG_WARN_INFINITE_RECURSION = YES;
				CLANG_WARN_INT_CONVERSION = YES;
				CLANG_WARN_NON_LITERAL_NULL_CONVERSION = YES;
				CLANG_WARN_OBJC_IMPLICIT_RETAIN_SELF = YES;
				CLANG_WARN_OBJC_LITERAL_CONVERSION = YES;
				CLANG_WARN_OBJC_ROOT_CLASS = YES_ERROR;
				CLANG_WARN_QUOTED_INCLUDE_IN_FRAMEWORK_HEADER = YES;
				CLANG_WARN_RANGE_LOOP_ANALYSIS = YES;
				CLANG_WARN_STRICT_PROTOTYPES = YES;
				CLANG_WARN_SUSPICIOUS_MOVE = YES;
				CLANG_WARN_UNGUARDED_AVAILABILITY = YES_AGGRESSIVE;
				CLANG_WARN_UNREACHABLE_CODE = YES;
				CLANG_WARN__DUPLICATE_METHOD_MATCH = YES;
				COPY_PHASE_STRIP = NO;
				DEBUG_INFORMATION_FORMAT = "dwarf-with-dsym";
				ENABLE_NS_ASSERTIONS = NO;
				ENABLE_STRICT_OBJC_MSGSEND = YES;
				GCC_C_LANGUAGE_STANDARD = gnu11;
				GCC_NO_COMMON_BLOCKS = YES;
				GCC_WARN_64_TO_32_BIT_CONVERSION = YES;
				GCC_WARN_ABOUT_RETURN_TYPE = YES_ERROR;
				GCC_WARN_UNDECLARED_SELECTOR = YES;
				GCC_WARN_UNINITIALIZED_AUTOS = YES_AGGRESSIVE;
				GCC_WARN_UNUSED_FUNCTION = YES;
				GCC_WARN_UNUSED_VARIABLE = YES;
				IPHONEOS_DEPLOYMENT_TARGET = 14.0;
				MTL_ENABLE_DEBUG_INFO = NO;
				MTL_FAST_MATH = YES;
				SDKROOT = iphoneos;
				SWIFT_COMPILATION_MODE = wholemodule;
				SWIFT_OPTIMIZATION_LEVEL = "-O";
				VALIDATE_PRODUCT = YES;
			};
			name = Release;
		};
		887A6FA1251DCF4500703A26 /* Debug */ = {
			isa = XCBuildConfiguration;
			baseConfigurationReference = 81D61EE749CB72C251F8DC62 /* Pods-Food Delivery.debug.xcconfig */;
			buildSettings = {
				ASSETCATALOG_COMPILER_APPICON_NAME = AppIcon;
				ASSETCATALOG_COMPILER_GLOBAL_ACCENT_COLOR_NAME = AccentColor;
				CODE_SIGN_STYLE = Automatic;
				DEVELOPMENT_ASSET_PATHS = "\"Food Delivery/Preview Content\"";
				DEVELOPMENT_TEAM = 87N7QPTHS6;
				ENABLE_PREVIEWS = YES;
				INFOPLIST_FILE = "Food Delivery/Info.plist";
				IPHONEOS_DEPLOYMENT_TARGET = 14.0;
				LD_RUNPATH_SEARCH_PATHS = (
					"$(inherited)",
					"@executable_path/Frameworks",
				);
				PRODUCT_BUNDLE_IDENTIFIER = "com.beaxhem.Food-Delivery";
				PRODUCT_NAME = "$(TARGET_NAME)";
				SWIFT_VERSION = 5.0;
				TARGETED_DEVICE_FAMILY = "1,2";
			};
			name = Debug;
		};
		887A6FA2251DCF4500703A26 /* Release */ = {
			isa = XCBuildConfiguration;
			baseConfigurationReference = 7D4FD139567EFA4C92AEF92B /* Pods-Food Delivery.release.xcconfig */;
			buildSettings = {
				ASSETCATALOG_COMPILER_APPICON_NAME = AppIcon;
				ASSETCATALOG_COMPILER_GLOBAL_ACCENT_COLOR_NAME = AccentColor;
				CODE_SIGN_STYLE = Automatic;
				DEVELOPMENT_ASSET_PATHS = "\"Food Delivery/Preview Content\"";
				DEVELOPMENT_TEAM = 87N7QPTHS6;
				ENABLE_PREVIEWS = YES;
				INFOPLIST_FILE = "Food Delivery/Info.plist";
				IPHONEOS_DEPLOYMENT_TARGET = 14.0;
				LD_RUNPATH_SEARCH_PATHS = (
					"$(inherited)",
					"@executable_path/Frameworks",
				);
				PRODUCT_BUNDLE_IDENTIFIER = "com.beaxhem.Food-Delivery";
				PRODUCT_NAME = "$(TARGET_NAME)";
				SWIFT_VERSION = 5.0;
				TARGETED_DEVICE_FAMILY = "1,2";
			};
			name = Release;
		};
		887A6FA4251DCF4500703A26 /* Debug */ = {
			isa = XCBuildConfiguration;
			baseConfigurationReference = CE215CADD93FBB13852D3177 /* Pods-Food DeliveryTests.debug.xcconfig */;
			buildSettings = {
				ALWAYS_EMBED_SWIFT_STANDARD_LIBRARIES = YES;
				BUNDLE_LOADER = "$(TEST_HOST)";
				CODE_SIGN_STYLE = Automatic;
				DEVELOPMENT_TEAM = 87N7QPTHS6;
				INFOPLIST_FILE = "Food DeliveryTests/Info.plist";
				IPHONEOS_DEPLOYMENT_TARGET = 14.0;
				LD_RUNPATH_SEARCH_PATHS = (
					"$(inherited)",
					"@executable_path/Frameworks",
					"@loader_path/Frameworks",
				);
				PRODUCT_BUNDLE_IDENTIFIER = "com.beaxhem.Food-DeliveryTests";
				PRODUCT_NAME = "$(TARGET_NAME)";
				SWIFT_VERSION = 5.0;
				TARGETED_DEVICE_FAMILY = "1,2";
				TEST_HOST = "$(BUILT_PRODUCTS_DIR)/Food Delivery.app/Food Delivery";
			};
			name = Debug;
		};
		887A6FA5251DCF4500703A26 /* Release */ = {
			isa = XCBuildConfiguration;
			baseConfigurationReference = C5D5AEAD3E79617818AC7DEE /* Pods-Food DeliveryTests.release.xcconfig */;
			buildSettings = {
				ALWAYS_EMBED_SWIFT_STANDARD_LIBRARIES = YES;
				BUNDLE_LOADER = "$(TEST_HOST)";
				CODE_SIGN_STYLE = Automatic;
				DEVELOPMENT_TEAM = 87N7QPTHS6;
				INFOPLIST_FILE = "Food DeliveryTests/Info.plist";
				IPHONEOS_DEPLOYMENT_TARGET = 14.0;
				LD_RUNPATH_SEARCH_PATHS = (
					"$(inherited)",
					"@executable_path/Frameworks",
					"@loader_path/Frameworks",
				);
				PRODUCT_BUNDLE_IDENTIFIER = "com.beaxhem.Food-DeliveryTests";
				PRODUCT_NAME = "$(TARGET_NAME)";
				SWIFT_VERSION = 5.0;
				TARGETED_DEVICE_FAMILY = "1,2";
				TEST_HOST = "$(BUILT_PRODUCTS_DIR)/Food Delivery.app/Food Delivery";
			};
			name = Release;
		};
		887A6FA7251DCF4500703A26 /* Debug */ = {
			isa = XCBuildConfiguration;
			baseConfigurationReference = BF2AEF0B5C00C395D6C2CEE6 /* Pods-Food Delivery-Food DeliveryUITests.debug.xcconfig */;
			buildSettings = {
				ALWAYS_EMBED_SWIFT_STANDARD_LIBRARIES = YES;
				CODE_SIGN_STYLE = Automatic;
				DEVELOPMENT_TEAM = 87N7QPTHS6;
				INFOPLIST_FILE = "Food DeliveryUITests/Info.plist";
				LD_RUNPATH_SEARCH_PATHS = (
					"$(inherited)",
					"@executable_path/Frameworks",
					"@loader_path/Frameworks",
				);
				PRODUCT_BUNDLE_IDENTIFIER = "com.beaxhem.Food-DeliveryUITests";
				PRODUCT_NAME = "$(TARGET_NAME)";
				SWIFT_VERSION = 5.0;
				TARGETED_DEVICE_FAMILY = "1,2";
				TEST_TARGET_NAME = "Food Delivery";
			};
			name = Debug;
		};
		887A6FA8251DCF4500703A26 /* Release */ = {
			isa = XCBuildConfiguration;
			baseConfigurationReference = 78E5E0570606143F0D9CE050 /* Pods-Food Delivery-Food DeliveryUITests.release.xcconfig */;
			buildSettings = {
				ALWAYS_EMBED_SWIFT_STANDARD_LIBRARIES = YES;
				CODE_SIGN_STYLE = Automatic;
				DEVELOPMENT_TEAM = 87N7QPTHS6;
				INFOPLIST_FILE = "Food DeliveryUITests/Info.plist";
				LD_RUNPATH_SEARCH_PATHS = (
					"$(inherited)",
					"@executable_path/Frameworks",
					"@loader_path/Frameworks",
				);
				PRODUCT_BUNDLE_IDENTIFIER = "com.beaxhem.Food-DeliveryUITests";
				PRODUCT_NAME = "$(TARGET_NAME)";
				SWIFT_VERSION = 5.0;
				TARGETED_DEVICE_FAMILY = "1,2";
				TEST_TARGET_NAME = "Food Delivery";
			};
			name = Release;
		};
/* End XCBuildConfiguration section */

/* Begin XCConfigurationList section */
		887A6F76251DCF4000703A26 /* Build configuration list for PBXProject "Food Delivery" */ = {
			isa = XCConfigurationList;
			buildConfigurations = (
				887A6F9E251DCF4500703A26 /* Debug */,
				887A6F9F251DCF4500703A26 /* Release */,
			);
			defaultConfigurationIsVisible = 0;
			defaultConfigurationName = Release;
		};
		887A6FA0251DCF4500703A26 /* Build configuration list for PBXNativeTarget "Food Delivery" */ = {
			isa = XCConfigurationList;
			buildConfigurations = (
				887A6FA1251DCF4500703A26 /* Debug */,
				887A6FA2251DCF4500703A26 /* Release */,
			);
			defaultConfigurationIsVisible = 0;
			defaultConfigurationName = Release;
		};
		887A6FA3251DCF4500703A26 /* Build configuration list for PBXNativeTarget "Food DeliveryTests" */ = {
			isa = XCConfigurationList;
			buildConfigurations = (
				887A6FA4251DCF4500703A26 /* Debug */,
				887A6FA5251DCF4500703A26 /* Release */,
			);
			defaultConfigurationIsVisible = 0;
			defaultConfigurationName = Release;
		};
		887A6FA6251DCF4500703A26 /* Build configuration list for PBXNativeTarget "Food DeliveryUITests" */ = {
			isa = XCConfigurationList;
			buildConfigurations = (
				887A6FA7251DCF4500703A26 /* Debug */,
				887A6FA8251DCF4500703A26 /* Release */,
			);
			defaultConfigurationIsVisible = 0;
			defaultConfigurationName = Release;
		};
/* End XCConfigurationList section */

/* Begin XCRemoteSwiftPackageReference section */
		88E6BA8125251EAA00B3487C /* XCRemoteSwiftPackageReference "PartialSheet" */ = {
			isa = XCRemoteSwiftPackageReference;
			repositoryURL = "https://github.com/AndreaMiotto/PartialSheet.git";
			requirement = {
				kind = upToNextMajorVersion;
				minimumVersion = 2.1.11;
			};
		};
/* End XCRemoteSwiftPackageReference section */

/* Begin XCSwiftPackageProductDependency section */
		88E6BA8225251EAA00B3487C /* PartialSheet */ = {
			isa = XCSwiftPackageProductDependency;
			package = 88E6BA8125251EAA00B3487C /* XCRemoteSwiftPackageReference "PartialSheet" */;
			productName = PartialSheet;
		};
/* End XCSwiftPackageProductDependency section */
	};
	rootObject = 887A6F73251DCF4000703A26 /* Project object */;
}
